
Microsoft Visual Studio Solution File, Format Version 12.00
# Visual Studio Version 17
VisualStudioVersion = 17.14.36212.18
MinimumVisualStudioVersion = 10.0.40219.1
Project("{FAE04EC0-301F-11D3-BF4B-00C04F79EFBC}") = "ClockworkEngine", "ClockworkEngine.csproj", "{5EAE7488-9394-41A7-9333-54A66C301A49}"
EndProject
Project("{FAE04EC0-301F-11D3-BF4B-00C04F79EFBC}") = "ClockworkRaylib", "..\..\clockwork-raylib\ClockworkRaylib\ClockworkRaylib\ClockworkRaylib.csproj", "{9324EE19-AFDD-C6D8-B551-260935BD424A}"
EndProject
Project("{FAE04EC0-301F-11D3-BF4B-00C04F79EFBC}") = "ClockworkBackend", "..\..\clockwork-backend\ClockworkBackend\ClockworkBackend\ClockworkBackend.csproj", "{E7C3E56D-9A53-6CDA-4016-C600A70CE253}"
EndProject
Global
	GlobalSection(SolutionConfigurationPlatforms) = preSolution
		Debug|Any CPU = Debug|Any CPU
		Release|Any CPU = Release|Any CPU
	EndGlobalSection
	GlobalSection(ProjectConfigurationPlatforms) = postSolution
		{5EAE7488-9394-41A7-9333-54A66C301A49}.Debug|Any CPU.ActiveCfg = Debug|Any CPU
		{5EAE7488-9394-41A7-9333-54A66C301A49}.Debug|Any CPU.Build.0 = Debug|Any CPU
		{5EAE7488-9394-41A7-9333-54A66C301A49}.Release|Any CPU.ActiveCfg = Release|Any CPU
		{5EAE7488-9394-41A7-9333-54A66C301A49}.Release|Any CPU.Build.0 = Release|Any CPU
		{9324EE19-AFDD-C6D8-B551-260935BD424A}.Debug|Any CPU.ActiveCfg = Debug|Any CPU
		{9324EE19-AFDD-C6D8-B551-260935BD424A}.Debug|Any CPU.Build.0 = Debug|Any CPU
		{9324EE19-AFDD-C6D8-B551-260935BD424A}.Release|Any CPU.ActiveCfg = Release|Any CPU
		{9324EE19-AFDD-C6D8-B551-260935BD424A}.Release|Any CPU.Build.0 = Release|Any CPU
		{E7C3E56D-9A53-6CDA-4016-C600A70CE253}.Debug|Any CPU.ActiveCfg = Debug|Any CPU
		{E7C3E56D-9A53-6CDA-4016-C600A70CE253}.Debug|Any CPU.Build.0 = Debug|Any CPU
		{E7C3E56D-9A53-6CDA-4016-C600A70CE253}.Release|Any CPU.ActiveCfg = Release|Any CPU
		{E7C3E56D-9A53-6CDA-4016-C600A70CE253}.Release|Any CPU.Build.0 = Release|Any CPU
	EndGlobalSection
	GlobalSection(SolutionProperties) = preSolution
		HideSolutionNode = FALSE
	EndGlobalSection
	GlobalSection(ExtensibilityGlobals) = postSolution
		SolutionGuid = {EA3ECB1D-67AB-4D7E-A946-96A721832910}
	EndGlobalSection
EndGlobal
